// !$*UTF8*$!
{
	archiveVersion = 1;
	classes = {
	};
	objectVersion = 46;
	objects = {

/* Begin PBXBuildFile section */
		A4423093E09F04D9612A6019 /* Pods_devslopes_social_test.framework in Frameworks */ = {isa = PBXBuildFile; fileRef = 0D89744F491C7265CB441405 /* Pods_devslopes_social_test.framework */; };
		C805CC151D3EE03900E6AE14 /* AppDelegate.swift in Sources */ = {isa = PBXBuildFile; fileRef = C805CC141D3EE03900E6AE14 /* AppDelegate.swift */; };
		C805CC171D3EE03900E6AE14 /* SignInVC.swift in Sources */ = {isa = PBXBuildFile; fileRef = C805CC161D3EE03900E6AE14 /* SignInVC.swift */; };
		C805CC1A1D3EE03900E6AE14 /* Main.storyboard in Resources */ = {isa = PBXBuildFile; fileRef = C805CC181D3EE03900E6AE14 /* Main.storyboard */; };
		C805CC1C1D3EE03A00E6AE14 /* Assets.xcassets in Resources */ = {isa = PBXBuildFile; fileRef = C805CC1B1D3EE03A00E6AE14 /* Assets.xcassets */; };
		C805CC1F1D3EE03A00E6AE14 /* LaunchScreen.storyboard in Resources */ = {isa = PBXBuildFile; fileRef = C805CC1D1D3EE03A00E6AE14 /* LaunchScreen.storyboard */; };
		C87C091A1D41656E001AE3BC /* FeedVC.swift in Sources */ = {isa = PBXBuildFile; fileRef = C87C09191D41656E001AE3BC /* FeedVC.swift */; };
		C87C091E1D417314001AE3BC /* GoogleService-Info.plist in Resources */ = {isa = PBXBuildFile; fileRef = C87C091D1D417314001AE3BC /* GoogleService-Info.plist */; };
		C87F24AD1D3F503C002F58EB /* GoogleService-InfoORIGINAL.plist in Resources */ = {isa = PBXBuildFile; fileRef = C87F24AC1D3F503C002F58EB /* GoogleService-InfoORIGINAL.plist */; };
		C87F24B21D400A15002F58EB /* RoundBtn.swift in Sources */ = {isa = PBXBuildFile; fileRef = C87F24B11D400A15002F58EB /* RoundBtn.swift */; };
		C87F24B51D401EEF002F58EB /* Constants.swift in Sources */ = {isa = PBXBuildFile; fileRef = C87F24B41D401EEF002F58EB /* Constants.swift */; };
		C87F24B91D4021A2002F58EB /* HeaderView.swift in Sources */ = {isa = PBXBuildFile; fileRef = C87F24B81D4021A2002F58EB /* HeaderView.swift */; };
		C87F24BB1D40229B002F58EB /* WideButton.swift in Sources */ = {isa = PBXBuildFile; fileRef = C87F24BA1D40229B002F58EB /* WideButton.swift */; };
		C87F24BD1D402736002F58EB /* FancyTextField.swift in Sources */ = {isa = PBXBuildFile; fileRef = C87F24BC1D402736002F58EB /* FancyTextField.swift */; };
/* End PBXBuildFile section */

/* Begin PBXFileReference section */
		0D89744F491C7265CB441405 /* Pods_devslopes_social_test.framework */ = {isa = PBXFileReference; explicitFileType = wrapper.framework; includeInIndex = 0; path = Pods_devslopes_social_test.framework; sourceTree = BUILT_PRODUCTS_DIR; };
		30949996AFDE16F29007EED7 /* Pods-devslopes-social-test.release.xcconfig */ = {isa = PBXFileReference; includeInIndex = 1; lastKnownFileType = text.xcconfig; name = "Pods-devslopes-social-test.release.xcconfig"; path = "Pods/Target Support Files/Pods-devslopes-social-test/Pods-devslopes-social-test.release.xcconfig"; sourceTree = "<group>"; };
		C7AC9A5213BBDEE32A50DDC6 /* Pods-devslopes-social-test.debug.xcconfig */ = {isa = PBXFileReference; includeInIndex = 1; lastKnownFileType = text.xcconfig; name = "Pods-devslopes-social-test.debug.xcconfig"; path = "Pods/Target Support Files/Pods-devslopes-social-test/Pods-devslopes-social-test.debug.xcconfig"; sourceTree = "<group>"; };
		C805CC111D3EE03900E6AE14 /* devslopes-social-test.app */ = {isa = PBXFileReference; explicitFileType = wrapper.application; includeInIndex = 0; path = "devslopes-social-test.app"; sourceTree = BUILT_PRODUCTS_DIR; };
		C805CC141D3EE03900E6AE14 /* AppDelegate.swift */ = {isa = PBXFileReference; lastKnownFileType = sourcecode.swift; path = AppDelegate.swift; sourceTree = "<group>"; };
		C805CC161D3EE03900E6AE14 /* SignInVC.swift */ = {isa = PBXFileReference; lastKnownFileType = sourcecode.swift; path = SignInVC.swift; sourceTree = "<group>"; };
		C805CC191D3EE03900E6AE14 /* Base */ = {isa = PBXFileReference; lastKnownFileType = file.storyboard; name = Base; path = Base.lproj/Main.storyboard; sourceTree = "<group>"; };
		C805CC1B1D3EE03A00E6AE14 /* Assets.xcassets */ = {isa = PBXFileReference; lastKnownFileType = folder.assetcatalog; path = Assets.xcassets; sourceTree = "<group>"; };
		C805CC1E1D3EE03A00E6AE14 /* Base */ = {isa = PBXFileReference; lastKnownFileType = file.storyboard; name = Base; path = Base.lproj/LaunchScreen.storyboard; sourceTree = "<group>"; };
		C805CC201D3EE03A00E6AE14 /* Info.plist */ = {isa = PBXFileReference; lastKnownFileType = text.plist.xml; path = Info.plist; sourceTree = "<group>"; };
		C87C09191D41656E001AE3BC /* FeedVC.swift */ = {isa = PBXFileReference; fileEncoding = 4; lastKnownFileType = sourcecode.swift; path = FeedVC.swift; sourceTree = "<group>"; };
		C87C091D1D417314001AE3BC /* GoogleService-Info.plist */ = {isa = PBXFileReference; fileEncoding = 4; lastKnownFileType = text.plist.xml; path = "GoogleService-Info.plist"; sourceTree = "<group>"; };
		C87F24AC1D3F503C002F58EB /* GoogleService-InfoORIGINAL.plist */ = {isa = PBXFileReference; fileEncoding = 4; lastKnownFileType = text.plist.xml; path = "GoogleService-InfoORIGINAL.plist"; sourceTree = "<group>"; };
		C87F24B11D400A15002F58EB /* RoundBtn.swift */ = {isa = PBXFileReference; fileEncoding = 4; lastKnownFileType = sourcecode.swift; path = RoundBtn.swift; sourceTree = "<group>"; };
		C87F24B41D401EEF002F58EB /* Constants.swift */ = {isa = PBXFileReference; fileEncoding = 4; lastKnownFileType = sourcecode.swift; path = Constants.swift; sourceTree = "<group>"; };
		C87F24B81D4021A2002F58EB /* HeaderView.swift */ = {isa = PBXFileReference; fileEncoding = 4; lastKnownFileType = sourcecode.swift; path = HeaderView.swift; sourceTree = "<group>"; };
		C87F24BA1D40229B002F58EB /* WideButton.swift */ = {isa = PBXFileReference; fileEncoding = 4; lastKnownFileType = sourcecode.swift; path = WideButton.swift; sourceTree = "<group>"; };
		C87F24BC1D402736002F58EB /* FancyTextField.swift */ = {isa = PBXFileReference; fileEncoding = 4; lastKnownFileType = sourcecode.swift; path = FancyTextField.swift; sourceTree = "<group>"; };
/* End PBXFileReference section */

/* Begin PBXFrameworksBuildPhase section */
		C805CC0E1D3EE03900E6AE14 /* Frameworks */ = {
			isa = PBXFrameworksBuildPhase;
			buildActionMask = 2147483647;
			files = (
				A4423093E09F04D9612A6019 /* Pods_devslopes_social_test.framework in Frameworks */,
			);
			runOnlyForDeploymentPostprocessing = 0;
		};
/* End PBXFrameworksBuildPhase section */

/* Begin PBXGroup section */
		51FE57856DED606420E19894 /* Frameworks */ = {
			isa = PBXGroup;
			children = (
				0D89744F491C7265CB441405 /* Pods_devslopes_social_test.framework */,
			);
			name = Frameworks;
			sourceTree = "<group>";
		};
		C7AACAD20C00B736451A7F2B /* Pods */ = {
			isa = PBXGroup;
			children = (
				C7AC9A5213BBDEE32A50DDC6 /* Pods-devslopes-social-test.debug.xcconfig */,
				30949996AFDE16F29007EED7 /* Pods-devslopes-social-test.release.xcconfig */,
			);
			name = Pods;
			sourceTree = "<group>";
		};
		C805CC081D3EE03800E6AE14 = {
			isa = PBXGroup;
			children = (
				C805CC131D3EE03900E6AE14 /* devslopes-social-test */,
				C805CC121D3EE03900E6AE14 /* Products */,
				C7AACAD20C00B736451A7F2B /* Pods */,
				51FE57856DED606420E19894 /* Frameworks */,
			);
			sourceTree = "<group>";
		};
		C805CC121D3EE03900E6AE14 /* Products */ = {
			isa = PBXGroup;
			children = (
				C805CC111D3EE03900E6AE14 /* devslopes-social-test.app */,
			);
			name = Products;
			sourceTree = "<group>";
		};
		C805CC131D3EE03900E6AE14 /* devslopes-social-test */ = {
			isa = PBXGroup;
			children = (
				C87F24B31D401EDE002F58EB /* Util */,
				C87F24B01D4009D1002F58EB /* Controller */,
				C87F24AF1D4009CB002F58EB /* View */,
				C87F24AE1D4009C5002F58EB /* Model */,
				C805CC141D3EE03900E6AE14 /* AppDelegate.swift */,
				C805CC181D3EE03900E6AE14 /* Main.storyboard */,
				C805CC1B1D3EE03A00E6AE14 /* Assets.xcassets */,
				C805CC1D1D3EE03A00E6AE14 /* LaunchScreen.storyboard */,
				C805CC201D3EE03A00E6AE14 /* Info.plist */,
				C87F24AC1D3F503C002F58EB /* GoogleService-InfoORIGINAL.plist */,
				C87C091D1D417314001AE3BC /* GoogleService-Info.plist */,
			);
			path = "devslopes-social-test";
			sourceTree = "<group>";
		};
		C87F24AE1D4009C5002F58EB /* Model */ = {
			isa = PBXGroup;
			children = (
			);
			name = Model;
			sourceTree = "<group>";
		};
		C87F24AF1D4009CB002F58EB /* View */ = {
			isa = PBXGroup;
			children = (
				C87F24B11D400A15002F58EB /* RoundBtn.swift */,
				C87F24B81D4021A2002F58EB /* HeaderView.swift */,
				C87F24BA1D40229B002F58EB /* WideButton.swift */,
				C87F24BC1D402736002F58EB /* FancyTextField.swift */,
			);
			name = View;
			sourceTree = "<group>";
		};
		C87F24B01D4009D1002F58EB /* Controller */ = {
			isa = PBXGroup;
			children = (
				C805CC161D3EE03900E6AE14 /* SignInVC.swift */,
				C87C09191D41656E001AE3BC /* FeedVC.swift */,
			);
			name = Controller;
			sourceTree = "<group>";
		};
		C87F24B31D401EDE002F58EB /* Util */ = {
			isa = PBXGroup;
			children = (
				C87F24B41D401EEF002F58EB /* Constants.swift */,
			);
			name = Util;
			sourceTree = "<group>";
		};
/* End PBXGroup section */

/* Begin PBXNativeTarget section */
		C805CC101D3EE03900E6AE14 /* devslopes-social-test */ = {
			isa = PBXNativeTarget;
			buildConfigurationList = C805CC231D3EE03A00E6AE14 /* Build configuration list for PBXNativeTarget "devslopes-social-test" */;
			buildPhases = (
				654159FBA2BEA04135FC873C /* [CP] Check Pods Manifest.lock */,
				C805CC0D1D3EE03900E6AE14 /* Sources */,
				C805CC0E1D3EE03900E6AE14 /* Frameworks */,
				C805CC0F1D3EE03900E6AE14 /* Resources */,
				D2F4F1282E8B82536BFE4913 /* [CP] Embed Pods Frameworks */,
				166CD588C24E82F3B0326462 /* [CP] Copy Pods Resources */,
			);
			buildRules = (
			);
			dependencies = (
			);
			name = "devslopes-social-test";
			productName = "devslopes-social-test";
			productReference = C805CC111D3EE03900E6AE14 /* devslopes-social-test.app */;
			productType = "com.apple.product-type.application";
		};
/* End PBXNativeTarget section */

/* Begin PBXProject section */
		C805CC091D3EE03900E6AE14 /* Project object */ = {
			isa = PBXProject;
			attributes = {
				LastSwiftUpdateCheck = 0800;
				LastUpgradeCheck = 0800;
				ORGANIZATIONNAME = JustOneJess;
				TargetAttributes = {
					C805CC101D3EE03900E6AE14 = {
						CreatedOnToolsVersion = 8.0;
						LastSwiftMigration = 0800;
						ProvisioningStyle = Automatic;
					};
				};
			};
			buildConfigurationList = C805CC0C1D3EE03900E6AE14 /* Build configuration list for PBXProject "devslopes-social-test" */;
			compatibilityVersion = "Xcode 3.2";
			developmentRegion = English;
			hasScannedForEncodings = 0;
			knownRegions = (
				en,
				Base,
			);
			mainGroup = C805CC081D3EE03800E6AE14;
			productRefGroup = C805CC121D3EE03900E6AE14 /* Products */;
			projectDirPath = "";
			projectRoot = "";
			targets = (
				C805CC101D3EE03900E6AE14 /* devslopes-social-test */,
			);
		};
/* End PBXProject section */

/* Begin PBXResourcesBuildPhase section */
		C805CC0F1D3EE03900E6AE14 /* Resources */ = {
			isa = PBXResourcesBuildPhase;
			buildActionMask = 2147483647;
			files = (
				C87F24AD1D3F503C002F58EB /* GoogleService-InfoORIGINAL.plist in Resources */,
				C805CC1F1D3EE03A00E6AE14 /* LaunchScreen.storyboard in Resources */,
				C805CC1C1D3EE03A00E6AE14 /* Assets.xcassets in Resources */,
				C87C091E1D417314001AE3BC /* GoogleService-Info.plist in Resources */,
				C805CC1A1D3EE03900E6AE14 /* Main.storyboard in Resources */,
			);
			runOnlyForDeploymentPostprocessing = 0;
		};
/* End PBXResourcesBuildPhase section */

/* Begin PBXShellScriptBuildPhase section */
		166CD588C24E82F3B0326462 /* [CP] Copy Pods Resources */ = {
			isa = PBXShellScriptBuildPhase;
			buildActionMask = 2147483647;
			files = (
			);
			inputPaths = (
			);
			name = "[CP] Copy Pods Resources";
			outputPaths = (
			);
			runOnlyForDeploymentPostprocessing = 0;
			shellPath = /bin/sh;
			shellScript = "\"${SRCROOT}/Pods/Target Support Files/Pods-devslopes-social-test/Pods-devslopes-social-test-resources.sh\"\n";
			showEnvVarsInLog = 0;
		};
		654159FBA2BEA04135FC873C /* [CP] Check Pods Manifest.lock */ = {
			isa = PBXShellScriptBuildPhase;
			buildActionMask = 2147483647;
			files = (
			);
			inputPaths = (
			);
			name = "[CP] Check Pods Manifest.lock";
			outputPaths = (
			);
			runOnlyForDeploymentPostprocessing = 0;
			shellPath = /bin/sh;
			shellScript = "diff \"${PODS_ROOT}/../Podfile.lock\" \"${PODS_ROOT}/Manifest.lock\" > /dev/null\nif [[ $? != 0 ]] ; then\n    cat << EOM\nerror: The sandbox is not in sync with the Podfile.lock. Run 'pod install' or update your CocoaPods installation.\nEOM\n    exit 1\nfi\n";
			showEnvVarsInLog = 0;
		};
		D2F4F1282E8B82536BFE4913 /* [CP] Embed Pods Frameworks */ = {
			isa = PBXShellScriptBuildPhase;
			buildActionMask = 2147483647;
			files = (
			);
			inputPaths = (
			);
			name = "[CP] Embed Pods Frameworks";
			outputPaths = (
			);
			runOnlyForDeploymentPostprocessing = 0;
			shellPath = /bin/sh;
			shellScript = "\"${SRCROOT}/Pods/Target Support Files/Pods-devslopes-social-test/Pods-devslopes-social-test-frameworks.sh\"\n";
			showEnvVarsInLog = 0;
		};
/* End PBXShellScriptBuildPhase section */

/* Begin PBXSourcesBuildPhase section */
		C805CC0D1D3EE03900E6AE14 /* Sources */ = {
			isa = PBXSourcesBuildPhase;
			buildActionMask = 2147483647;
			files = (
				C87F24B91D4021A2002F58EB /* HeaderView.swift in Sources */,
				C87C091A1D41656E001AE3BC /* FeedVC.swift in Sources */,
				C87F24B21D400A15002F58EB /* RoundBtn.swift in Sources */,
				C805CC171D3EE03900E6AE14 /* SignInVC.swift in Sources */,
				C805CC151D3EE03900E6AE14 /* AppDelegate.swift in Sources */,
				C87F24BD1D402736002F58EB /* FancyTextField.swift in Sources */,
				C87F24BB1D40229B002F58EB /* WideButton.swift in Sources */,
				C87F24B51D401EEF002F58EB /* Constants.swift in Sources */,
			);
			runOnlyForDeploymentPostprocessing = 0;
		};
/* End PBXSourcesBuildPhase section */

/* Begin PBXVariantGroup section */
		C805CC181D3EE03900E6AE14 /* Main.storyboard */ = {
			isa = PBXVariantGroup;
			children = (
				C805CC191D3EE03900E6AE14 /* Base */,
			);
			name = Main.storyboard;
			sourceTree = "<group>";
		};
		C805CC1D1D3EE03A00E6AE14 /* LaunchScreen.storyboard */ = {
			isa = PBXVariantGroup;
			children = (
				C805CC1E1D3EE03A00E6AE14 /* Base */,
			);
			name = LaunchScreen.storyboard;
			sourceTree = "<group>";
		};
/* End PBXVariantGroup section */

/* Begin XCBuildConfiguration section */
		C805CC211D3EE03A00E6AE14 /* Debug */ = {
			isa = XCBuildConfiguration;
			buildSettings = {
				ALWAYS_SEARCH_USER_PATHS = NO;
				CLANG_ANALYZER_NONNULL = YES;
				CLANG_CXX_LANGUAGE_STANDARD = "gnu++0x";
				CLANG_CXX_LIBRARY = "libc++";
				CLANG_ENABLE_MODULES = YES;
				CLANG_ENABLE_OBJC_ARC = YES;
				CLANG_WARN_BOOL_CONVERSION = YES;
				CLANG_WARN_CONSTANT_CONVERSION = YES;
				CLANG_WARN_DIRECT_OBJC_ISA_USAGE = YES_ERROR;
				CLANG_WARN_DOCUMENTATION_COMMENTS = YES;
				CLANG_WARN_EMPTY_BODY = YES;
				CLANG_WARN_ENUM_CONVERSION = YES;
				CLANG_WARN_INT_CONVERSION = YES;
				CLANG_WARN_OBJC_ROOT_CLASS = YES_ERROR;
				CLANG_WARN_UNREACHABLE_CODE = YES;
				CLANG_WARN__DUPLICATE_METHOD_MATCH = YES;
				"CODE_SIGN_IDENTITY[sdk=iphoneos*]" = "iPhone Developer";
				COPY_PHASE_STRIP = NO;
				DEBUG_INFORMATION_FORMAT = dwarf;
				ENABLE_STRICT_OBJC_MSGSEND = YES;
				ENABLE_TESTABILITY = YES;
				GCC_C_LANGUAGE_STANDARD = gnu99;
				GCC_DYNAMIC_NO_PIC = NO;
				GCC_NO_COMMON_BLOCKS = YES;
				GCC_OPTIMIZATION_LEVEL = 0;
				GCC_PREPROCESSOR_DEFINITIONS = (
					"DEBUG=1",
					"$(inherited)",
				);
				GCC_WARN_64_TO_32_BIT_CONVERSION = YES;
				GCC_WARN_ABOUT_RETURN_TYPE = YES_ERROR;
				GCC_WARN_UNDECLARED_SELECTOR = YES;
				GCC_WARN_UNINITIALIZED_AUTOS = YES_AGGRESSIVE;
				GCC_WARN_UNUSED_FUNCTION = YES;
				GCC_WARN_UNUSED_VARIABLE = YES;
				IPHONEOS_DEPLOYMENT_TARGET = 10.0;
				MTL_ENABLE_DEBUG_INFO = YES;
				ONLY_ACTIVE_ARCH = YES;
				SDKROOT = iphoneos;
				SWIFT_ACTIVE_COMPILATION_CONDITIONS = DEBUG;
				SWIFT_OPTIMIZATION_LEVEL = "-Onone";
				TARGETED_DEVICE_FAMILY = "1,2";
			};
			name = Debug;
		};
		C805CC221D3EE03A00E6AE14 /* Release */ = {
			isa = XCBuildConfiguration;
			buildSettings = {
				ALWAYS_SEARCH_USER_PATHS = NO;
				CLANG_ANALYZER_NONNULL = YES;
				CLANG_CXX_LANGUAGE_STANDARD = "gnu++0x";
				CLANG_CXX_LIBRARY = "libc++";
				CLANG_ENABLE_MODULES = YES;
				CLANG_ENABLE_OBJC_ARC = YES;
				CLANG_WARN_BOOL_CONVERSION = YES;
				CLANG_WARN_CONSTANT_CONVERSION = YES;
				CLANG_WARN_DIRECT_OBJC_ISA_USAGE = YES_ERROR;
				CLANG_WARN_DOCUMENTATION_COMMENTS = YES;
				CLANG_WARN_EMPTY_BODY = YES;
				CLANG_WARN_ENUM_CONVERSION = YES;
				CLANG_WARN_INT_CONVERSION = YES;
				CLANG_WARN_OBJC_ROOT_CLASS = YES_ERROR;
				CLANG_WARN_UNREACHABLE_CODE = YES;
				CLANG_WARN__DUPLICATE_METHOD_MATCH = YES;
				"CODE_SIGN_IDENTITY[sdk=iphoneos*]" = "iPhone Developer";
				COPY_PHASE_STRIP = NO;
				DEBUG_INFORMATION_FORMAT = "dwarf-with-dsym";
				ENABLE_NS_ASSERTIONS = NO;
				ENABLE_STRICT_OBJC_MSGSEND = YES;
				GCC_C_LANGUAGE_STANDARD = gnu99;
				GCC_NO_COMMON_BLOCKS = YES;
				GCC_WARN_64_TO_32_BIT_CONVERSION = YES;
				GCC_WARN_ABOUT_RETURN_TYPE = YES_ERROR;
				GCC_WARN_UNDECLARED_SELECTOR = YES;
				GCC_WARN_UNINITIALIZED_AUTOS = YES_AGGRESSIVE;
				GCC_WARN_UNUSED_FUNCTION = YES;
				GCC_WARN_UNUSED_VARIABLE = YES;
				IPHONEOS_DEPLOYMENT_TARGET = 10.0;
				MTL_ENABLE_DEBUG_INFO = NO;
				SDKROOT = iphoneos;
				SWIFT_OPTIMIZATION_LEVEL = "-Owholemodule";
				TARGETED_DEVICE_FAMILY = "1,2";
				VALIDATE_PRODUCT = YES;
			};
			name = Release;
		};
		C805CC241D3EE03A00E6AE14 /* Debug */ = {
			isa = XCBuildConfiguration;
			baseConfigurationReference = C7AC9A5213BBDEE32A50DDC6 /* Pods-devslopes-social-test.debug.xcconfig */;
			buildSettings = {
				ASSETCATALOG_COMPILER_APPICON_NAME = AppIcon;
				CODE_SIGN_IDENTITY = "";
				"CODE_SIGN_IDENTITY[sdk=iphoneos*]" = "iPhone Developer";
				INFOPLIST_FILE = "devslopes-social-test/Info.plist";
				LD_RUNPATH_SEARCH_PATHS = "$(inherited) @executable_path/Frameworks";
				PRODUCT_BUNDLE_IDENTIFIER = "com.justonejess.devslopes-social-test";
				PRODUCT_NAME = "$(TARGET_NAME)";
				SWIFT_VERSION = 3.0;
			};
			name = Debug;
		};
		C805CC251D3EE03A00E6AE14 /* Release */ = {
			isa = XCBuildConfiguration;
			baseConfigurationReference = 30949996AFDE16F29007EED7 /* Pods-devslopes-social-test.release.xcconfig */;
			buildSettings = {
				ASSETCATALOG_COMPILER_APPICON_NAME = AppIcon;
				CODE_SIGN_IDENTITY = "";
				"CODE_SIGN_IDENTITY[sdk=iphoneos*]" = "iPhone Developer";
				INFOPLIST_FILE = "devslopes-social-test/Info.plist";
				LD_RUNPATH_SEARCH_PATHS = "$(inherited) @executable_path/Frameworks";
				PRODUCT_BUNDLE_IDENTIFIER = "com.justonejess.devslopes-social-test";
				PRODUCT_NAME = "$(TARGET_NAME)";
				SWIFT_VERSION = 3.0;
			};
			name = Release;
		};
/* End XCBuildConfiguration section */

/* Begin XCConfigurationList section */
		C805CC0C1D3EE03900E6AE14 /* Build configuration list for PBXProject "devslopes-social-test" */ = {
			isa = XCConfigurationList;
			buildConfigurations = (
				C805CC211D3EE03A00E6AE14 /* Debug */,
				C805CC221D3EE03A00E6AE14 /* Release */,
			);
			defaultConfigurationIsVisible = 0;
			defaultConfigurationName = Release;
		};
		C805CC231D3EE03A00E6AE14 /* Build configuration list for PBXNativeTarget "devslopes-social-test" */ = {
			isa = XCConfigurationList;
			buildConfigurations = (
				C805CC241D3EE03A00E6AE14 /* Debug */,
				C805CC251D3EE03A00E6AE14 /* Release */,
			);
			defaultConfigurationIsVisible = 0;
			defaultConfigurationName = Release;
		};
/* End XCConfigurationList section */
	};
	rootObject = C805CC091D3EE03900E6AE14 /* Project object */;
}
